---
lockfileVersion: 1
lockfileVendor: redhat
arches:
- arch: x86_64
  packages:
  - url: https://cdn-ubi.redhat.com/content/public/ubi/dist/ubi8/8/x86_64/appstream/os/Packages/c/containers-common-1-82.module+el8.10.0+23250+94af2c8e.x86_64.rpm
    repoid: ubi-8-for-x86_64-appstream-rpms
    size: 146191
    checksum: sha256:1873ee8f95d7e792e6bf0a89ce2476f52d3e890f07048e458e51b7ba09476da0
    name: containers-common
    evr: 2:1-82.module+el8.10.0+23250+94af2c8e
    sourcerpm: containers-common-1-82.module+el8.10.0+23250+94af2c8e.src.rpm
  - url: https://cdn-ubi.redhat.com/content/public/ubi/dist/ubi8/8/x86_64/appstream/os/Packages/c/criu-3.18-5.module+el8.10.0+23250+94af2c8e.x86_64.rpm
    repoid: ubi-8-for-x86_64-appstream-rpms
    size: 578011
    checksum: sha256:184bd12bf728fd2eceec0cf3657a9eca325a4abeef9e14a51850ac6ccf0a7cdd
    name: criu
    evr: 3.18-5.module+el8.10.0+23250+94af2c8e
    sourcerpm: criu-3.18-5.module+el8.10.0+23250+94af2c8e.src.rpm
  - url: https://cdn-ubi.redhat.com/content/public/ubi/dist/ubi8/8/x86_64/appstream/os/Packages/f/fuse-overlayfs-1.13-1.module+el8.10.0+23250+94af2c8e.x86_64.rpm
    repoid: ubi-8-for-x86_64-appstream-rpms
    size: 71663
    checksum: sha256:6ab8b810b8e36b38f735b60a8bca9f42401b495606af1acfc89309ddbd37bb54
    name: fuse-overlayfs
    evr: 1.13-1.module+el8.10.0+23250+94af2c8e
    sourcerpm: fuse-overlayfs-1.13-1.module+el8.10.0+23250+94af2c8e.src.rpm
  - url: https://cdn-ubi.redhat.com/content/public/ubi/dist/ubi8/8/x86_64/appstream/os/Packages/l/libnet-1.1.6-15.el8.x86_64.rpm
    repoid: ubi-8-for-x86_64-appstream-rpms
    size: 68624
    checksum: sha256:09c8dd96ccb066d458edd30dba99ae72cc3941c1563d260cb259d33d9bf6fe12
    name: libnet
    evr: 1.1.6-15.el8
    sourcerpm: libnet-1.1.6-15.el8.src.rpm
  - url: https://cdn-ubi.redhat.com/content/public/ubi/dist/ubi8/8/x86_64/appstream/os/Packages/l/libslirp-4.4.0-2.module+el8.10.0+23250+94af2c8e.x86_64.rpm
    repoid: ubi-8-for-x86_64-appstream-rpms
    size: 72235
    checksum: sha256:4d3574ebc6d61451dab45ef99e6ec85260632038b393696f44200f1811ba3fa3
    name: libslirp
    evr: 4.4.0-2.module+el8.10.0+23250+94af2c8e
    sourcerpm: libslirp-4.4.0-2.module+el8.10.0+23250+94af2c8e.src.rpm
  - url: https://cdn-ubi.redhat.com/content/public/ubi/dist/ubi8/8/x86_64/appstream/os/Packages/p/protobuf-c-1.3.0-8.el8.x86_64.rpm
    repoid: ubi-8-for-x86_64-appstream-rpms
    size: 38124
    checksum: sha256:7c6b990e2c0a6cd8ff1f76fc2c83a83528b4663f90257e6b5a708b733bd78085
    name: protobuf-c
    evr: 1.3.0-8.el8
    sourcerpm: protobuf-c-1.3.0-8.el8.src.rpm
  - url: https://cdn-ubi.redhat.com/content/public/ubi/dist/ubi8/8/x86_64/appstream/os/Packages/r/runc-1.1.12-6.module+el8.10.0+23250+94af2c8e.x86_64.rpm
    repoid: ubi-8-for-x86_64-appstream-rpms
    size: 3451395
    checksum: sha256:9a3a54772ac85ddceefff8d45e22ae62624dcbddeb04ac8da2c0433150cfb9b6
    name: runc
    evr: 1:1.1.12-6.module+el8.10.0+23250+94af2c8e
    sourcerpm: runc-1.1.12-6.module+el8.10.0+23250+94af2c8e.src.rpm
  - url: https://cdn-ubi.redhat.com/content/public/ubi/dist/ubi8/8/x86_64/appstream/os/Packages/s/skopeo-1.14.5-4.module+el8.10.0+23250+94af2c8e.x86_64.rpm
    repoid: ubi-8-for-x86_64-appstream-rpms
    size: 9587079
    checksum: sha256:29d91be434a2141bb6727f9ddbf70e5f0e73e449e65e4436ce96cf48abb4b6c1
    name: skopeo
    evr: 2:1.14.5-4.module+el8.10.0+23250+94af2c8e
    sourcerpm: skopeo-1.14.5-4.module+el8.10.0+23250+94af2c8e.src.rpm
  - url: https://cdn-ubi.redhat.com/content/public/ubi/dist/ubi8/8/x86_64/appstream/os/Packages/s/slirp4netns-1.2.3-1.module+el8.10.0+23250+94af2c8e.x86_64.rpm
    repoid: ubi-8-for-x86_64-appstream-rpms
    size: 57471
    checksum: sha256:abcaae1c8784cbf101e1c15d2ef7e09699c3b21af83febedad88554e5d37379c
    name: slirp4netns
    evr: 1.2.3-1.module+el8.10.0+23250+94af2c8e
    sourcerpm: slirp4netns-1.2.3-1.module+el8.10.0+23250+94af2c8e.src.rpm
  - url: https://cdn-ubi.redhat.com/content/public/ubi/dist/ubi8/8/x86_64/baseos/os/Packages/f/fuse-common-3.3.0-19.el8.x86_64.rpm
    repoid: ubi-8-for-x86_64-baseos-rpms
    size: 23032
    checksum: sha256:a4c39d54e246a380607450418b11334a4beebf9ad2bd1249c3d4ff45558079d8
    name: fuse-common
    evr: 3.3.0-19.el8
    sourcerpm: fuse-2.9.7-19.el8.src.rpm
  - url: https://cdn-ubi.redhat.com/content/public/ubi/dist/ubi8/8/x86_64/baseos/os/Packages/f/fuse3-3.3.0-19.el8.x86_64.rpm
    repoid: ubi-8-for-x86_64-baseos-rpms
    size: 56072
    checksum: sha256:85bc0a3e479d28c8df590da4cb4e33d8ed6c132797089a28a99ffa4d0319c573
    name: fuse3
    evr: 3.3.0-19.el8
    sourcerpm: fuse-2.9.7-19.el8.src.rpm
  - url: https://cdn-ubi.redhat.com/content/public/ubi/dist/ubi8/8/x86_64/baseos/os/Packages/f/fuse3-libs-3.3.0-19.el8.x86_64.rpm
    repoid: ubi-8-for-x86_64-baseos-rpms
    size: 98084
    checksum: sha256:8874711ac53e998d6ad22e4afa15da2a23a4800687ba0e7fa2c089d765acf3c5
    name: fuse3-libs
    evr: 3.3.0-19.el8
    sourcerpm: fuse-2.9.7-19.el8.src.rpm
  - url: https://cdn-ubi.redhat.com/content/public/ubi/dist/ubi8/8/x86_64/baseos/os/Packages/k/kmod-25-20.el8.x86_64.rpm
    repoid: ubi-8-for-x86_64-baseos-rpms
    size: 129356
    checksum: sha256:0d2ca4e3cdeb9929d40257e25d3be233a608bf4269a16be77a63503d78233ed2
    name: kmod
    evr: 25-20.el8
    sourcerpm: kmod-25-20.el8.src.rpm
  source: []
  module_metadata:
  - url: https://cdn-ubi.redhat.com/content/public/ubi/dist/ubi8/8/x86_64/appstream/os/repodata/608ca1abf1a3f4cecdf15a69b5abd0e5c3b7a6d1c824a1338a0abb59e7a482c7-modules.yaml.gz
    repoid: ubi-8-for-x86_64-appstream-rpms
    size: 59599
    checksum: sha256:608ca1abf1a3f4cecdf15a69b5abd0e5c3b7a6d1c824a1338a0abb59e7a482c7
